
Microsoft Visual Studio Solution File, Format Version 12.00
# Visual Studio Version 17
VisualStudioVersion = 17.9.34607.119
MinimumVisualStudioVersion = 10.0.40219.1
Project("{FAE04EC0-301F-11D3-BF4B-00C04F79EFBC}") = "Practica02NARA", "Practica02NARA\Practica02NARA.csproj", "{60418820-2774-4517-816C-6A36083CB94F}"
EndProject
Global
	GlobalSection(SolutionConfigurationPlatforms) = preSolution
		Debug|Any CPU = Debug|Any CPU
		Release|Any CPU = Release|Any CPU
	EndGlobalSection
	GlobalSection(ProjectConfigurationPlatforms) = postSolution
		{60418820-2774-4517-816C-6A36083CB94F}.Debug|Any CPU.ActiveCfg = Debug|Any CPU
		{60418820-2774-4517-816C-6A36083CB94F}.Debug|Any CPU.Build.0 = Debug|Any CPU
		{60418820-2774-4517-816C-6A36083CB94F}.Release|Any CPU.ActiveCfg = Release|Any CPU
		{60418820-2774-4517-816C-6A36083CB94F}.Release|Any CPU.Build.0 = Release|Any CPU
	EndGlobalSection
	GlobalSection(SolutionProperties) = preSolution
		HideSolutionNode = FALSE
	EndGlobalSection
	GlobalSection(ExtensibilityGlobals) = postSolution
		SolutionGuid = {A08189E0-EFDC-4CBB-9BAC-11EE3D9B407D}
	EndGlobalSection
EndGlobal
